{
  "name": "vocal-remover-app",
  "version": "1.0.0",
  "lockfileVersion": 1,
  "requires": true,
  "dependencies": {
    "base-64": {
      "version": "0.1.0",
      "resolved": "https://registry.npmjs.org/base-64/-/base-64-0.1.0.tgz",
      "integrity": "sha1-eAqZyE59YAJgNhURxId2E78k9rs=",
      "dev": true
    },
    "clone": {
      "version": "2.1.1",
      "resolved": "https://registry.npmjs.org/clone/-/clone-2.1.1.tgz",
      "integrity": "sha1-0hfR6WERjjrJpLi7oyhVU79kfNs=",
      "dev": true
    },
    "component-emitter": {
      "version": "1.2.0",
      "resolved": "https://registry.npmjs.org/component-emitter/-/component-emitter-1.2.0.tgz",
      "integrity": "sha1-zNETqGOI0GSC0D3j/H35hSa6jv4=",
      "dev": true
    },
    "deep-diff": {
      "version": "0.3.8",
      "resolved": "https://registry.npmjs.org/deep-diff/-/deep-diff-0.3.8.tgz",
      "integrity": "sha1-wB3mPvsO7JeYgB1Ax+Da4ltYLIQ=",
      "dev": true
    },
    "get-params": {
      "version": "0.1.2",
      "resolved": "https://registry.npmjs.org/get-params/-/get-params-0.1.2.tgz",
      "integrity": "sha1-uuDfq6WIoMYNeDTA2Nwv9g7u8v4=",
      "dev": true
    },
    "history": {
      "version": "4.7.2",
      "resolved": "https://registry.npmjs.org/history/-/history-4.7.2.tgz",
      "integrity": "sha512-1zkBRWW6XweO0NBcjiphtVJVsIQ+SXF29z9DVkceeaSLVMFXHool+fdCZD4spDCfZJCILPILc3bm7Bc+HRi0nA==",
      "requires": {
        "invariant": "2.2.4",
        "loose-envify": "1.3.1",
        "resolve-pathname": "2.2.0",
        "value-equal": "0.4.0",
        "warning": "3.0.0"
      },
      "dependencies": {
        "warning": {
          "version": "3.0.0",
          "resolved": "https://registry.npmjs.org/warning/-/warning-3.0.0.tgz",
          "integrity": "sha1-MuU3fLVy3kqwR1O9+IIcAe1gW3w=",
          "requires": {
            "loose-envify": "1.3.1"
          }
        }
      }
    },
    "hoist-non-react-statics": {
      "version": "2.5.5",
      "resolved": "https://registry.npmjs.org/hoist-non-react-statics/-/hoist-non-react-statics-2.5.5.tgz",
      "integrity": "sha512-rqcy4pJo55FTTLWt+bU8ukscqHeE/e9KWvsOW2b/a3afxQZhwkQdT1rPPCJ0rYXdj4vNcasY8zHTH+jF/qStxw=="
    },
    "invariant": {
      "version": "2.2.4",
      "resolved": "https://registry.npmjs.org/invariant/-/invariant-2.2.4.tgz",
      "integrity": "sha512-phJfQVBuaJM5raOpJjSfkiD6BpbCE4Ns//LaXl6wGYtUBY83nWS6Rf9tXm2e8VaK60JEjYldbPif/A2B1C2gNA==",
      "requires": {
        "loose-envify": "1.3.1"
      }
    },
    "isarray": {
      "version": "0.0.1",
      "resolved": "https://registry.npmjs.org/isarray/-/isarray-0.0.1.tgz",
      "integrity": "sha1-ihis/Kmo9Bd+Cav8YDiTmwXR7t8="
    },
    "js-tokens": {
      "version": "3.0.2",
      "resolved": "https://registry.npmjs.org/js-tokens/-/js-tokens-3.0.2.tgz",
      "integrity": "sha1-mGbfOVECEw449/mWvOtlRDIJwls="
    },
    "jsan": {
      "version": "3.1.10",
      "resolved": "https://registry.npmjs.org/jsan/-/jsan-3.1.10.tgz",
      "integrity": "sha512-Rpme/mJFG3BlIM8/9L+0qAIGccx6dyYEODdkZUHYKyJI3NIl6d13buXa7aE3lO1kZAGMalG0/6QzalXdDdUc4g==",
      "dev": true
    },
    "linked-list": {
      "version": "0.1.0",
      "resolved": "https://registry.npmjs.org/linked-list/-/linked-list-0.1.0.tgz",
      "integrity": "sha1-eYsP+X0bkqT9CEgPVa6k6dSdN78=",
      "dev": true
    },
    "lodash": {
      "version": "4.17.10",
      "resolved": "https://registry.npmjs.org/lodash/-/lodash-4.17.10.tgz",
      "integrity": "sha512-UejweD1pDoXu+AD825lWwp4ZGtSwgnpZxb3JDViD7StjQz+Nb/6l093lx4OQ0foGWNRoc19mWy7BzL+UAK2iVg==",
      "dev": true
    },
    "loose-envify": {
      "version": "1.3.1",
      "resolved": "https://registry.npmjs.org/loose-envify/-/loose-envify-1.3.1.tgz",
      "integrity": "sha1-0aitM/qc4OcT1l/dCsi3SNR4yEg=",
      "requires": {
        "js-tokens": "3.0.2"
      }
    },
    "object-assign": {
      "version": "4.1.1",
      "resolved": "https://registry.npmjs.org/object-assign/-/object-assign-4.1.1.tgz",
      "integrity": "sha1-IQmtx5ZYh8/AXLvUQsrIv7s2CGM="
    },
    "path-to-regexp": {
      "version": "1.7.0",
      "resolved": "https://registry.npmjs.org/path-to-regexp/-/path-to-regexp-1.7.0.tgz",
      "integrity": "sha1-Wf3g9DW62suhA6hOnTvGTpa5k30=",
      "requires": {
        "isarray": "0.0.1"
      }
    },
    "querystring": {
      "version": "0.2.0",
      "resolved": "https://registry.npmjs.org/querystring/-/querystring-0.2.0.tgz",
      "integrity": "sha1-sgmEkgO7Jd+CDadW50cAWHhSFiA=",
      "dev": true
    },
    "react-router": {
      "version": "4.3.1",
      "resolved": "https://registry.npmjs.org/react-router/-/react-router-4.3.1.tgz",
      "integrity": "sha512-yrvL8AogDh2X42Dt9iknk4wF4V8bWREPirFfS9gLU1huk6qK41sg7Z/1S81jjTrGHxa3B8R3J6xIkDAA6CVarg==",
      "requires": {
        "history": "4.7.2",
        "hoist-non-react-statics": "2.5.5",
        "invariant": "2.2.4",
        "loose-envify": "1.3.1",
        "path-to-regexp": "1.7.0",
        "prop-types": "15.6.2",
        "warning": "4.0.1"
      },
      "dependencies": {
        "prop-types": {
          "version": "15.6.2",
          "resolved": "https://registry.npmjs.org/prop-types/-/prop-types-15.6.2.tgz",
          "integrity": "sha512-3pboPvLiWD7dkI3qf3KbUe6hKFKa52w+AE0VCqECtf+QHAKgOL37tTaNCnuX1nAAQ4ZhyP+kYVKf8rLmJ/feDQ==",
          "requires": {
            "loose-envify": "1.3.1",
            "object-assign": "4.1.1"
          }
        }
      }
    },
    "react-router-redux": {
      "version": "5.0.0-alpha.9",
      "resolved": "https://registry.npmjs.org/react-router-redux/-/react-router-redux-5.0.0-alpha.9.tgz",
      "integrity": "sha512-euSgNIANnRXr4GydIuwA7RZCefrLQzIw5WdXspS8NPYbV+FxrKSS9MKG7U9vb6vsKHONnA4VxrVNWfnMUnUQAw==",
      "requires": {
        "history": "4.7.2",
        "prop-types": "15.6.2",
        "react-router": "4.3.1"
      },
      "dependencies": {
        "prop-types": {
          "version": "15.6.2",
          "resolved": "https://registry.npmjs.org/prop-types/-/prop-types-15.6.2.tgz",
          "integrity": "sha512-3pboPvLiWD7dkI3qf3KbUe6hKFKa52w+AE0VCqECtf+QHAKgOL37tTaNCnuX1nAAQ4ZhyP+kYVKf8rLmJ/feDQ==",
          "requires": {
            "loose-envify": "1.3.1",
            "object-assign": "4.1.1"
          }
        }
      }
    },
    "redux-devtools-instrument": {
      "version": "1.8.3",
      "resolved": "https://registry.npmjs.org/redux-devtools-instrument/-/redux-devtools-instrument-1.8.3.tgz",
      "integrity": "sha1-xRDWerTl5FJazW5BDCWrRrhaynw=",
      "dev": true,
      "requires": {
        "lodash": "4.17.10",
        "symbol-observable": "1.2.0"
      }
    },
    "redux-logger": {
      "version": "3.0.6",
      "resolved": "https://registry.npmjs.org/redux-logger/-/redux-logger-3.0.6.tgz",
      "integrity": "sha1-91VZZvMJjzyIYExEnPC69XeCdL8=",
      "dev": true,
      "requires": {
        "deep-diff": "0.3.8"
      }
    },
    "remote-redux-devtools": {
      "version": "0.5.12",
      "resolved": "https://registry.npmjs.org/remote-redux-devtools/-/remote-redux-devtools-0.5.12.tgz",
      "integrity": "sha1-QsuV36nlTB2WcTF8Xnu6QeaMrsI=",
      "dev": true,
      "requires": {
        "jsan": "3.1.10",
        "querystring": "0.2.0",
        "redux-devtools-instrument": "1.8.3",
        "remotedev-utils": "0.1.4",
        "rn-host-detect": "1.1.3",
        "socketcluster-client": "5.5.2"
      }
    },
    "remotedev-serialize": {
      "version": "0.1.1",
      "resolved": "https://registry.npmjs.org/remotedev-serialize/-/remotedev-serialize-0.1.1.tgz",
      "integrity": "sha1-D1mAALfddRXWf5tRph0hHhjOlVQ=",
      "dev": true,
      "requires": {
        "jsan": "3.1.10"
      }
    },
    "remotedev-utils": {
      "version": "0.1.4",
      "resolved": "https://registry.npmjs.org/remotedev-utils/-/remotedev-utils-0.1.4.tgz",
      "integrity": "sha1-ZDcAgZqUNngHPHXrGF6B2WYgs0g=",
      "dev": true,
      "requires": {
        "get-params": "0.1.2",
        "jsan": "3.1.10",
        "lodash": "4.17.10",
        "remotedev-serialize": "0.1.1",
        "shortid": "2.2.8"
      }
    },
    "resolve-pathname": {
      "version": "2.2.0",
      "resolved": "https://registry.npmjs.org/resolve-pathname/-/resolve-pathname-2.2.0.tgz",
      "integrity": "sha512-bAFz9ld18RzJfddgrO2e/0S2O81710++chRMUxHjXOYKF6jTAMrUNZrEZ1PvV0zlhfjidm08iRPdTLPno1FuRg=="
    },
    "rn-host-detect": {
      "version": "1.1.3",
      "resolved": "https://registry.npmjs.org/rn-host-detect/-/rn-host-detect-1.1.3.tgz",
      "integrity": "sha1-JC124vpIXEjXUUFuZbfM5ZaWnpE=",
      "dev": true
    },
    "safe-buffer": {
      "version": "5.0.1",
      "resolved": "https://registry.npmjs.org/safe-buffer/-/safe-buffer-5.0.1.tgz",
      "integrity": "sha1-0mPKVGls2KMGtcplUekt5XkY++c=",
      "dev": true
    },
    "sc-channel": {
      "version": "1.0.6",
      "resolved": "https://registry.npmjs.org/sc-channel/-/sc-channel-1.0.6.tgz",
      "integrity": "sha1-s4vUepk+eCkPvFNGeGf2sqCghjk=",
      "dev": true,
      "requires": {
        "sc-emitter": "1.1.0"
      }
    },
    "sc-emitter": {
      "version": "1.1.0",
      "resolved": "https://registry.npmjs.org/sc-emitter/-/sc-emitter-1.1.0.tgz",
      "integrity": "sha1-7xGdQiL0xk+Ie0hpZO8REWzdDnU=",
      "dev": true,
      "requires": {
        "component-emitter": "1.2.0"
      }
    },
    "sc-errors": {
      "version": "1.3.3",
      "resolved": "https://registry.npmjs.org/sc-errors/-/sc-errors-1.3.3.tgz",
      "integrity": "sha1-wAvEx2apcMyNWTfQjNWOkx19rgU=",
      "dev": true
    },
    "sc-formatter": {
      "version": "3.0.2",
      "resolved": "https://registry.npmjs.org/sc-formatter/-/sc-formatter-3.0.2.tgz",
      "integrity": "sha512-9PbqYBpCq+OoEeRQ3QfFIGE6qwjjBcd2j7UjgDlhnZbtSnuGgHdcRklPKYGuYFH82V/dwd+AIpu8XvA1zqTd+A==",
      "dev": true
    },
    "shortid": {
      "version": "2.2.8",
      "resolved": "https://registry.npmjs.org/shortid/-/shortid-2.2.8.tgz",
      "integrity": "sha1-AzsRfWoul1gE9vCWnb59PQs1UTE=",
      "dev": true
    },
    "socketcluster-client": {
      "version": "5.5.2",
      "resolved": "https://registry.npmjs.org/socketcluster-client/-/socketcluster-client-5.5.2.tgz",
      "integrity": "sha1-nUNp4Oci/35V5UIsLUT1r+Gv8Sg=",
      "dev": true,
      "requires": {
        "base-64": "0.1.0",
        "clone": "2.1.1",
        "linked-list": "0.1.0",
        "querystring": "0.2.0",
        "sc-channel": "1.0.6",
        "sc-emitter": "1.1.0",
        "sc-errors": "1.3.3",
        "sc-formatter": "3.0.2",
        "ws": "3.0.0"
      }
    },
    "symbol-observable": {
      "version": "1.2.0",
      "resolved": "https://registry.npmjs.org/symbol-observable/-/symbol-observable-1.2.0.tgz",
      "integrity": "sha512-e900nM8RRtGhlV36KGEU9k65K3mPb1WV70OdjfxlG2EAuM1noi/E/BaW/uMhL7bPEssK8QV57vN3esixjUvcXQ==",
      "dev": true
    },
    "ultron": {
      "version": "1.1.1",
      "resolved": "https://registry.npmjs.org/ultron/-/ultron-1.1.1.tgz",
      "integrity": "sha512-UIEXBNeYmKptWH6z8ZnqTeS8fV74zG0/eRU9VGkpzz+LIJNs8W/zM/L+7ctCkRrgbNnnR0xxw4bKOr0cW0N0Og==",
      "dev": true
    },
    "value-equal": {
      "version": "0.4.0",
      "resolved": "https://registry.npmjs.org/value-equal/-/value-equal-0.4.0.tgz",
      "integrity": "sha512-x+cYdNnaA3CxvMaTX0INdTCN8m8aF2uY9BvEqmxuYp8bL09cs/kWVQPVGcA35fMktdOsP69IgU7wFj/61dJHEw=="
    },
    "warning": {
      "version": "4.0.1",
      "resolved": "https://registry.npmjs.org/warning/-/warning-4.0.1.tgz",
      "integrity": "sha512-rAVtTNZw+cQPjvGp1ox0XC5Q2IBFyqoqh+QII4J/oguyu83Bax1apbo2eqB8bHRS+fqYUBagys6lqUoVwKSmXQ==",
      "requires": {
        "loose-envify": "1.3.1"
      }
    },
    "ws": {
      "version": "3.0.0",
      "resolved": "https://registry.npmjs.org/ws/-/ws-3.0.0.tgz",
      "integrity": "sha1-mN2wAFbIOQy3Ued4h4hJf5kQO2w=",
      "dev": true,
      "requires": {
        "safe-buffer": "5.0.1",
        "ultron": "1.1.1"
      }
    }
  }
}
